
Microsoft Visual Studio Solution File, Format Version 12.00
# Visual Studio Version 17
VisualStudioVersion = 17.4.33205.214
MinimumVisualStudioVersion = 10.0.40219.1
Project("{FAE04EC0-301F-11D3-BF4B-00C04F79EFBC}") = "ArrowDamage", "ArrowDamage\ArrowDamage.csproj", "{5CAEB2AC-65AB-4AFA-AB09-1892A853FA1F}"
EndProject
Global
	GlobalSection(SolutionConfigurationPlatforms) = preSolution
		Debug|Any CPU = Debug|Any CPU
		Release|Any CPU = Release|Any CPU
	EndGlobalSection
	GlobalSection(ProjectConfigurationPlatforms) = postSolution
		{5CAEB2AC-65AB-4AFA-AB09-1892A853FA1F}.Debug|Any CPU.ActiveCfg = Debug|Any CPU
		{5CAEB2AC-65AB-4AFA-AB09-1892A853FA1F}.Debug|Any CPU.Build.0 = Debug|Any CPU
		{5CAEB2AC-65AB-4AFA-AB09-1892A853FA1F}.Release|Any CPU.ActiveCfg = Release|Any CPU
		{5CAEB2AC-65AB-4AFA-AB09-1892A853FA1F}.Release|Any CPU.Build.0 = Release|Any CPU
	EndGlobalSection
	GlobalSection(SolutionProperties) = preSolution
		HideSolutionNode = FALSE
	EndGlobalSection
	GlobalSection(ExtensibilityGlobals) = postSolution
		SolutionGuid = {E56C6486-41DF-47CE-B808-D04F36B003E1}
	EndGlobalSection
EndGlobal
