
Microsoft Visual Studio Solution File, Format Version 12.00
# Visual Studio Version 17
VisualStudioVersion = 17.4.33213.308
MinimumVisualStudioVersion = 10.0.40219.1
Project("{FAE04EC0-301F-11D3-BF4B-00C04F79EFBC}") = "ScaryClown", "ScaryClown\ScaryClown.csproj", "{D264D4F7-622E-4692-8FC0-A294B9C38EC5}"
EndProject
Global
	GlobalSection(SolutionConfigurationPlatforms) = preSolution
		Debug|Any CPU = Debug|Any CPU
		Release|Any CPU = Release|Any CPU
	EndGlobalSection
	GlobalSection(ProjectConfigurationPlatforms) = postSolution
		{D264D4F7-622E-4692-8FC0-A294B9C38EC5}.Debug|Any CPU.ActiveCfg = Debug|Any CPU
		{D264D4F7-622E-4692-8FC0-A294B9C38EC5}.Debug|Any CPU.Build.0 = Debug|Any CPU
		{D264D4F7-622E-4692-8FC0-A294B9C38EC5}.Release|Any CPU.ActiveCfg = Release|Any CPU
		{D264D4F7-622E-4692-8FC0-A294B9C38EC5}.Release|Any CPU.Build.0 = Release|Any CPU
	EndGlobalSection
	GlobalSection(SolutionProperties) = preSolution
		HideSolutionNode = FALSE
	EndGlobalSection
	GlobalSection(ExtensibilityGlobals) = postSolution
		SolutionGuid = {EA013051-D66B-41F5-A226-915E27C3626C}
	EndGlobalSection
EndGlobal
