
Microsoft Visual Studio Solution File, Format Version 12.00
# Visual Studio Version 17
VisualStudioVersion = 17.6.33723.286
MinimumVisualStudioVersion = 10.0.40219.1
Project("{FAE04EC0-301F-11D3-BF4B-00C04F79EFBC}") = "LambdaExpressionExample", "LambdaExpressionExample.csproj", "{2084DAE3-C78D-4E20-A142-E7AC37230AC6}"
EndProject
Global
	GlobalSection(SolutionConfigurationPlatforms) = preSolution
		Debug|Any CPU = Debug|Any CPU
		Release|Any CPU = Release|Any CPU
	EndGlobalSection
	GlobalSection(ProjectConfigurationPlatforms) = postSolution
		{2084DAE3-C78D-4E20-A142-E7AC37230AC6}.Debug|Any CPU.ActiveCfg = Debug|Any CPU
		{2084DAE3-C78D-4E20-A142-E7AC37230AC6}.Debug|Any CPU.Build.0 = Debug|Any CPU
		{2084DAE3-C78D-4E20-A142-E7AC37230AC6}.Release|Any CPU.ActiveCfg = Release|Any CPU
		{2084DAE3-C78D-4E20-A142-E7AC37230AC6}.Release|Any CPU.Build.0 = Release|Any CPU
	EndGlobalSection
	GlobalSection(SolutionProperties) = preSolution
		HideSolutionNode = FALSE
	EndGlobalSection
	GlobalSection(ExtensibilityGlobals) = postSolution
		SolutionGuid = {88342D90-12EF-4496-B6D9-902A030FF950}
	EndGlobalSection
EndGlobal
