
Microsoft Visual Studio Solution File, Format Version 12.00
# Visual Studio Version 17
VisualStudioVersion = 17.5.33530.505
MinimumVisualStudioVersion = 10.0.40219.1
Project("{FAE04EC0-301F-11D3-BF4B-00C04F79EFBC}") = "Shoes", "Shoes.csproj", "{2AB578A6-0BCA-4351-BAB1-B30DFCBB8C61}"
EndProject
Global
	GlobalSection(SolutionConfigurationPlatforms) = preSolution
		Debug|Any CPU = Debug|Any CPU
		Release|Any CPU = Release|Any CPU
	EndGlobalSection
	GlobalSection(ProjectConfigurationPlatforms) = postSolution
		{2AB578A6-0BCA-4351-BAB1-B30DFCBB8C61}.Debug|Any CPU.ActiveCfg = Debug|Any CPU
		{2AB578A6-0BCA-4351-BAB1-B30DFCBB8C61}.Debug|Any CPU.Build.0 = Debug|Any CPU
		{2AB578A6-0BCA-4351-BAB1-B30DFCBB8C61}.Release|Any CPU.ActiveCfg = Release|Any CPU
		{2AB578A6-0BCA-4351-BAB1-B30DFCBB8C61}.Release|Any CPU.Build.0 = Release|Any CPU
	EndGlobalSection
	GlobalSection(SolutionProperties) = preSolution
		HideSolutionNode = FALSE
	EndGlobalSection
	GlobalSection(ExtensibilityGlobals) = postSolution
		SolutionGuid = {E0E9DAF9-5EAF-4A88-9555-FF6D92E457B3}
	EndGlobalSection
EndGlobal
