
Microsoft Visual Studio Solution File, Format Version 12.00
# Visual Studio Version 17
VisualStudioVersion = 17.5.33530.505
MinimumVisualStudioVersion = 10.0.40219.1
Project("{FAE04EC0-301F-11D3-BF4B-00C04F79EFBC}") = "Ducks", "Ducks.csproj", "{A96C3099-2348-4E55-8BE3-C2870DEFBE51}"
EndProject
Global
	GlobalSection(SolutionConfigurationPlatforms) = preSolution
		Debug|Any CPU = Debug|Any CPU
		Release|Any CPU = Release|Any CPU
	EndGlobalSection
	GlobalSection(ProjectConfigurationPlatforms) = postSolution
		{A96C3099-2348-4E55-8BE3-C2870DEFBE51}.Debug|Any CPU.ActiveCfg = Debug|Any CPU
		{A96C3099-2348-4E55-8BE3-C2870DEFBE51}.Debug|Any CPU.Build.0 = Debug|Any CPU
		{A96C3099-2348-4E55-8BE3-C2870DEFBE51}.Release|Any CPU.ActiveCfg = Release|Any CPU
		{A96C3099-2348-4E55-8BE3-C2870DEFBE51}.Release|Any CPU.Build.0 = Release|Any CPU
	EndGlobalSection
	GlobalSection(SolutionProperties) = preSolution
		HideSolutionNode = FALSE
	EndGlobalSection
	GlobalSection(ExtensibilityGlobals) = postSolution
		SolutionGuid = {10774BC9-6C55-49BA-99BF-60D980D4565F}
	EndGlobalSection
EndGlobal
